// !$*UTF8*$!
{
	archiveVersion = 1;
	classes = {
	};
	objectVersion = 46;
	objects = {

/* Begin PBXBuildFile section */
		C41F54BC1D7FB70600604C53 /* AppDelegate.swift in Sources */ = {isa = PBXBuildFile; fileRef = C41F54BB1D7FB70600604C53 /* AppDelegate.swift */; };
		C41F54BE1D7FB70600604C53 /* ViewController.swift in Sources */ = {isa = PBXBuildFile; fileRef = C41F54BD1D7FB70600604C53 /* ViewController.swift */; };
		C41F54C11D7FB70600604C53 /* Main.storyboard in Resources */ = {isa = PBXBuildFile; fileRef = C41F54BF1D7FB70600604C53 /* Main.storyboard */; };
		C41F54C41D7FB70600604C53 /* Collector.xcdatamodeld in Sources */ = {isa = PBXBuildFile; fileRef = C41F54C21D7FB70600604C53 /* Collector.xcdatamodeld */; };
		C41F54C61D7FB70600604C53 /* Assets.xcassets in Resources */ = {isa = PBXBuildFile; fileRef = C41F54C51D7FB70600604C53 /* Assets.xcassets */; };
		C41F54C91D7FB70600604C53 /* LaunchScreen.storyboard in Resources */ = {isa = PBXBuildFile; fileRef = C41F54C71D7FB70600604C53 /* LaunchScreen.storyboard */; };
		C41F54D21D7FC1A300604C53 /* IMG_2501.jpg in Resources */ = {isa = PBXBuildFile; fileRef = C41F54D11D7FC1A300604C53 /* IMG_2501.jpg */; };
		C41F54D41D7FC3A100604C53 /* CollectionViewController.swift in Sources */ = {isa = PBXBuildFile; fileRef = C41F54D31D7FC3A100604C53 /* CollectionViewController.swift */; };
/* End PBXBuildFile section */

/* Begin PBXFileReference section */
		C41F54B81D7FB70600604C53 /* Collector.app */ = {isa = PBXFileReference; explicitFileType = wrapper.application; includeInIndex = 0; path = Collector.app; sourceTree = BUILT_PRODUCTS_DIR; };
		C41F54BB1D7FB70600604C53 /* AppDelegate.swift */ = {isa = PBXFileReference; lastKnownFileType = sourcecode.swift; path = AppDelegate.swift; sourceTree = "<group>"; };
		C41F54BD1D7FB70600604C53 /* ViewController.swift */ = {isa = PBXFileReference; lastKnownFileType = sourcecode.swift; path = ViewController.swift; sourceTree = "<group>"; };
		C41F54C01D7FB70600604C53 /* Base */ = {isa = PBXFileReference; lastKnownFileType = file.storyboard; name = Base; path = Base.lproj/Main.storyboard; sourceTree = "<group>"; };
		C41F54C31D7FB70600604C53 /* Collector.xcdatamodel */ = {isa = PBXFileReference; lastKnownFileType = wrapper.xcdatamodel; path = Collector.xcdatamodel; sourceTree = "<group>"; };
		C41F54C51D7FB70600604C53 /* Assets.xcassets */ = {isa = PBXFileReference; lastKnownFileType = folder.assetcatalog; path = Assets.xcassets; sourceTree = "<group>"; };
		C41F54C81D7FB70600604C53 /* Base */ = {isa = PBXFileReference; lastKnownFileType = file.storyboard; name = Base; path = Base.lproj/LaunchScreen.storyboard; sourceTree = "<group>"; };
		C41F54CA1D7FB70600604C53 /* Info.plist */ = {isa = PBXFileReference; lastKnownFileType = text.plist.xml; path = Info.plist; sourceTree = "<group>"; };
		C41F54D11D7FC1A300604C53 /* IMG_2501.jpg */ = {isa = PBXFileReference; lastKnownFileType = image.jpeg; path = IMG_2501.jpg; sourceTree = "<group>"; };
		C41F54D31D7FC3A100604C53 /* CollectionViewController.swift */ = {isa = PBXFileReference; fileEncoding = 4; lastKnownFileType = sourcecode.swift; path = CollectionViewController.swift; sourceTree = "<group>"; };
/* End PBXFileReference section */

/* Begin PBXFrameworksBuildPhase section */
		C41F54B51D7FB70600604C53 /* Frameworks */ = {
			isa = PBXFrameworksBuildPhase;
			buildActionMask = 2147483647;
			files = (
			);
			runOnlyForDeploymentPostprocessing = 0;
		};
/* End PBXFrameworksBuildPhase section */

/* Begin PBXGroup section */
		C41F54AF1D7FB70600604C53 = {
			isa = PBXGroup;
			children = (
				C41F54BA1D7FB70600604C53 /* Collector */,
				C41F54B91D7FB70600604C53 /* Products */,
			);
			sourceTree = "<group>";
		};
		C41F54B91D7FB70600604C53 /* Products */ = {
			isa = PBXGroup;
			children = (
				C41F54B81D7FB70600604C53 /* Collector.app */,
			);
			name = Products;
			sourceTree = "<group>";
		};
		C41F54BA1D7FB70600604C53 /* Collector */ = {
			isa = PBXGroup;
			children = (
				C41F54D01D7FC12300604C53 /* Photos */,
				C41F54BB1D7FB70600604C53 /* AppDelegate.swift */,
				C41F54BD1D7FB70600604C53 /* ViewController.swift */,
				C41F54D31D7FC3A100604C53 /* CollectionViewController.swift */,
				C41F54BF1D7FB70600604C53 /* Main.storyboard */,
				C41F54C51D7FB70600604C53 /* Assets.xcassets */,
				C41F54C71D7FB70600604C53 /* LaunchScreen.storyboard */,
				C41F54CA1D7FB70600604C53 /* Info.plist */,
				C41F54C21D7FB70600604C53 /* Collector.xcdatamodeld */,
			);
			path = Collector;
			sourceTree = "<group>";
		};
		C41F54D01D7FC12300604C53 /* Photos */ = {
			isa = PBXGroup;
			children = (
				C41F54D11D7FC1A300604C53 /* IMG_2501.jpg */,
			);
			name = Photos;
			sourceTree = "<group>";
		};
/* End PBXGroup section */

/* Begin PBXNativeTarget section */
		C41F54B71D7FB70600604C53 /* Collector */ = {
			isa = PBXNativeTarget;
			buildConfigurationList = C41F54CD1D7FB70600604C53 /* Build configuration list for PBXNativeTarget "Collector" */;
			buildPhases = (
				C41F54B41D7FB70600604C53 /* Sources */,
				C41F54B51D7FB70600604C53 /* Frameworks */,
				C41F54B61D7FB70600604C53 /* Resources */,
			);
			buildRules = (
			);
			dependencies = (
			);
			name = Collector;
			productName = Collector;
			productReference = C41F54B81D7FB70600604C53 /* Collector.app */;
			productType = "com.apple.product-type.application";
		};
/* End PBXNativeTarget section */

/* Begin PBXProject section */
		C41F54B01D7FB70600604C53 /* Project object */ = {
			isa = PBXProject;
			attributes = {
				LastSwiftUpdateCheck = 0800;
				LastUpgradeCheck = 0800;
				ORGANIZATIONNAME = "Dumb Blonde Software";
				TargetAttributes = {
					C41F54B71D7FB70600604C53 = {
						CreatedOnToolsVersion = 8.0;
						DevelopmentTeam = K8633K44E8;
						ProvisioningStyle = Automatic;
					};
				};
			};
			buildConfigurationList = C41F54B31D7FB70600604C53 /* Build configuration list for PBXProject "Collector" */;
			compatibilityVersion = "Xcode 3.2";
			developmentRegion = English;
			hasScannedForEncodings = 0;
			knownRegions = (
				en,
				Base,
			);
			mainGroup = C41F54AF1D7FB70600604C53;
			productRefGroup = C41F54B91D7FB70600604C53 /* Products */;
			projectDirPath = "";
			projectRoot = "";
			targets = (
				C41F54B71D7FB70600604C53 /* Collector */,
			);
		};
/* End PBXProject section */

/* Begin PBXResourcesBuildPhase section */
		C41F54B61D7FB70600604C53 /* Resources */ = {
			isa = PBXResourcesBuildPhase;
			buildActionMask = 2147483647;
			files = (
				C41F54C91D7FB70600604C53 /* LaunchScreen.storyboard in Resources */,
				C41F54C61D7FB70600604C53 /* Assets.xcassets in Resources */,
				C41F54C11D7FB70600604C53 /* Main.storyboard in Resources */,
				C41F54D21D7FC1A300604C53 /* IMG_2501.jpg in Resources */,
			);
			runOnlyForDeploymentPostprocessing = 0;
		};
/* End PBXResourcesBuildPhase section */

/* Begin PBXSourcesBuildPhase section */
		C41F54B41D7FB70600604C53 /* Sources */ = {
			isa = PBXSourcesBuildPhase;
			buildActionMask = 2147483647;
			files = (
				C41F54D41D7FC3A100604C53 /* CollectionViewController.swift in Sources */,
				C41F54C41D7FB70600604C53 /* Collector.xcdatamodeld in Sources */,
				C41F54BE1D7FB70600604C53 /* ViewController.swift in Sources */,
				C41F54BC1D7FB70600604C53 /* AppDelegate.swift in Sources */,
			);
			runOnlyForDeploymentPostprocessing = 0;
		};
/* End PBXSourcesBuildPhase section */

/* Begin PBXVariantGroup section */
		C41F54BF1D7FB70600604C53 /* Main.storyboard */ = {
			isa = PBXVariantGroup;
			children = (
				C41F54C01D7FB70600604C53 /* Base */,
			);
			name = Main.storyboard;
			sourceTree = "<group>";
		};
		C41F54C71D7FB70600604C53 /* LaunchScreen.storyboard */ = {
			isa = PBXVariantGroup;
			children = (
				C41F54C81D7FB70600604C53 /* Base */,
			);
			name = LaunchScreen.storyboard;
			sourceTree = "<group>";
		};
/* End PBXVariantGroup section */

/* Begin XCBuildConfiguration section */
		C41F54CB1D7FB70600604C53 /* Debug */ = {
			isa = XCBuildConfiguration;
			buildSettings = {
				ALWAYS_SEARCH_USER_PATHS = NO;
				CLANG_ANALYZER_NONNULL = YES;
				CLANG_CXX_LANGUAGE_STANDARD = "gnu++0x";
				CLANG_CXX_LIBRARY = "libc++";
				CLANG_ENABLE_MODULES = YES;
				CLANG_ENABLE_OBJC_ARC = YES;
				CLANG_WARN_BOOL_CONVERSION = YES;
				CLANG_WARN_CONSTANT_CONVERSION = YES;
				CLANG_WARN_DIRECT_OBJC_ISA_USAGE = YES_ERROR;
				CLANG_WARN_DOCUMENTATION_COMMENTS = YES;
				CLANG_WARN_EMPTY_BODY = YES;
				CLANG_WARN_ENUM_CONVERSION = YES;
				CLANG_WARN_INFINITE_RECURSION = YES;
				CLANG_WARN_INT_CONVERSION = YES;
				CLANG_WARN_OBJC_ROOT_CLASS = YES_ERROR;
				CLANG_WARN_SUSPICIOUS_MOVES = YES;
				CLANG_WARN_UNREACHABLE_CODE = YES;
				CLANG_WARN__DUPLICATE_METHOD_MATCH = YES;
				"CODE_SIGN_IDENTITY[sdk=iphoneos*]" = "iPhone Developer";
				COPY_PHASE_STRIP = NO;
				DEBUG_INFORMATION_FORMAT = dwarf;
				ENABLE_STRICT_OBJC_MSGSEND = YES;
				ENABLE_TESTABILITY = YES;
				GCC_C_LANGUAGE_STANDARD = gnu99;
				GCC_DYNAMIC_NO_PIC = NO;
				GCC_NO_COMMON_BLOCKS = YES;
				GCC_OPTIMIZATION_LEVEL = 0;
				GCC_PREPROCESSOR_DEFINITIONS = (
					"DEBUG=1",
					"$(inherited)",
				);
				GCC_WARN_64_TO_32_BIT_CONVERSION = YES;
				GCC_WARN_ABOUT_RETURN_TYPE = YES_ERROR;
				GCC_WARN_UNDECLARED_SELECTOR = YES;
				GCC_WARN_UNINITIALIZED_AUTOS = YES_AGGRESSIVE;
				GCC_WARN_UNUSED_FUNCTION = YES;
				GCC_WARN_UNUSED_VARIABLE = YES;
				IPHONEOS_DEPLOYMENT_TARGET = 10.0;
				MTL_ENABLE_DEBUG_INFO = YES;
				ONLY_ACTIVE_ARCH = YES;
				SDKROOT = iphoneos;
				SWIFT_ACTIVE_COMPILATION_CONDITIONS = DEBUG;
				SWIFT_OPTIMIZATION_LEVEL = "-Onone";
				TARGETED_DEVICE_FAMILY = "1,2";
			};
			name = Debug;
		};
		C41F54CC1D7FB70600604C53 /* Release */ = {
			isa = XCBuildConfiguration;
			buildSettings = {
				ALWAYS_SEARCH_USER_PATHS = NO;
				CLANG_ANALYZER_NONNULL = YES;
				CLANG_CXX_LANGUAGE_STANDARD = "gnu++0x";
				CLANG_CXX_LIBRARY = "libc++";
				CLANG_ENABLE_MODULES = YES;
				CLANG_ENABLE_OBJC_ARC = YES;
				CLANG_WARN_BOOL_CONVERSION = YES;
				CLANG_WARN_CONSTANT_CONVERSION = YES;
				CLANG_WARN_DIRECT_OBJC_ISA_USAGE = YES_ERROR;
				CLANG_WARN_DOCUMENTATION_COMMENTS = YES;
				CLANG_WARN_EMPTY_BODY = YES;
				CLANG_WARN_ENUM_CONVERSION = YES;
				CLANG_WARN_INFINITE_RECURSION = YES;
				CLANG_WARN_INT_CONVERSION = YES;
				CLANG_WARN_OBJC_ROOT_CLASS = YES_ERROR;
				CLANG_WARN_SUSPICIOUS_MOVES = YES;
				CLANG_WARN_UNREACHABLE_CODE = YES;
				CLANG_WARN__DUPLICATE_METHOD_MATCH = YES;
				"CODE_SIGN_IDENTITY[sdk=iphoneos*]" = "iPhone Developer";
				COPY_PHASE_STRIP = NO;
				DEBUG_INFORMATION_FORMAT = "dwarf-with-dsym";
				ENABLE_NS_ASSERTIONS = NO;
				ENABLE_STRICT_OBJC_MSGSEND = YES;
				GCC_C_LANGUAGE_STANDARD = gnu99;
				GCC_NO_COMMON_BLOCKS = YES;
				GCC_WARN_64_TO_32_BIT_CONVERSION = YES;
				GCC_WARN_ABOUT_RETURN_TYPE = YES_ERROR;
				GCC_WARN_UNDECLARED_SELECTOR = YES;
				GCC_WARN_UNINITIALIZED_AUTOS = YES_AGGRESSIVE;
				GCC_WARN_UNUSED_FUNCTION = YES;
				GCC_WARN_UNUSED_VARIABLE = YES;
				IPHONEOS_DEPLOYMENT_TARGET = 10.0;
				MTL_ENABLE_DEBUG_INFO = NO;
				SDKROOT = iphoneos;
				SWIFT_OPTIMIZATION_LEVEL = "-Owholemodule";
				TARGETED_DEVICE_FAMILY = "1,2";
				VALIDATE_PRODUCT = YES;
			};
			name = Release;
		};
		C41F54CE1D7FB70600604C53 /* Debug */ = {
			isa = XCBuildConfiguration;
			buildSettings = {
				ASSETCATALOG_COMPILER_APPICON_NAME = AppIcon;
				DEVELOPMENT_TEAM = K8633K44E8;
				INFOPLIST_FILE = Collector/Info.plist;
				IPHONEOS_DEPLOYMENT_TARGET = 10;
				LD_RUNPATH_SEARCH_PATHS = "$(inherited) @executable_path/Frameworks";
				PRODUCT_BUNDLE_IDENTIFIER = self.edu.diane.Collector;
				PRODUCT_NAME = "$(TARGET_NAME)";
				SWIFT_VERSION = 3.0;
			};
			name = Debug;
		};
		C41F54CF1D7FB70600604C53 /* Release */ = {
			isa = XCBuildConfiguration;
			buildSettings = {
				ASSETCATALOG_COMPILER_APPICON_NAME = AppIcon;
				DEVELOPMENT_TEAM = K8633K44E8;
				INFOPLIST_FILE = Collector/Info.plist;
				IPHONEOS_DEPLOYMENT_TARGET = 10;
				LD_RUNPATH_SEARCH_PATHS = "$(inherited) @executable_path/Frameworks";
				PRODUCT_BUNDLE_IDENTIFIER = self.edu.diane.Collector;
				PRODUCT_NAME = "$(TARGET_NAME)";
				SWIFT_VERSION = 3.0;
			};
			name = Release;
		};
/* End XCBuildConfiguration section */

/* Begin XCConfigurationList section */
		C41F54B31D7FB70600604C53 /* Build configuration list for PBXProject "Collector" */ = {
			isa = XCConfigurationList;
			buildConfigurations = (
				C41F54CB1D7FB70600604C53 /* Debug */,
				C41F54CC1D7FB70600604C53 /* Release */,
			);
			defaultConfigurationIsVisible = 0;
			defaultConfigurationName = Release;
		};
		C41F54CD1D7FB70600604C53 /* Build configuration list for PBXNativeTarget "Collector" */ = {
			isa = XCConfigurationList;
			buildConfigurations = (
				C41F54CE1D7FB70600604C53 /* Debug */,
				C41F54CF1D7FB70600604C53 /* Release */,
			);
			defaultConfigurationIsVisible = 0;
			defaultConfigurationName = Release;
		};
/* End XCConfigurationList section */

/* Begin XCVersionGroup section */
		C41F54C21D7FB70600604C53 /* Collector.xcdatamodeld */ = {
			isa = XCVersionGroup;
			children = (
				C41F54C31D7FB70600604C53 /* Collector.xcdatamodel */,
			);
			currentVersion = C41F54C31D7FB70600604C53 /* Collector.xcdatamodel */;
			path = Collector.xcdatamodeld;
			sourceTree = "<group>";
			versionGroupType = wrapper.xcdatamodel;
		};
/* End XCVersionGroup section */
	};
	rootObject = C41F54B01D7FB70600604C53 /* Project object */;
}
